// !$*UTF8*$!
{
	archiveVersion = 1;
	classes = {
	};
	objectVersion = 77;
	objects = {

/* Begin PBXBuildFile section */
		B93B38C72D03C5C7006EAD0B /* Assets.xcassets in Resources */ = {isa = PBXBuildFile; fileRef = B93B38C32D03C5C7006EAD0B /* Assets.xcassets */; };
		B93B38C82D03C5C7006EAD0B /* AnswersAiApp.swift in Sources */ = {isa = PBXBuildFile; fileRef = B93B38C22D03C5C7006EAD0B /* AnswersAiApp.swift */; };
		B93B38C92D03C5C7006EAD0B /* TodayScreen.swift in Sources */ = {isa = PBXBuildFile; fileRef = B93B38C42D03C5C7006EAD0B /* TodayScreen.swift */; };
		B965714A2D050A6500959A86 /* TodayCard.swift in Sources */ = {isa = PBXBuildFile; fileRef = B96571492D050A6500959A86 /* TodayCard.swift */; };
		B965714C2D05166200959A86 /* BottomBlur.swift in Sources */ = {isa = PBXBuildFile; fileRef = B965714B2D05166200959A86 /* BottomBlur.swift */; };
		B96571522D0562D900959A86 /* AATabView.swift in Sources */ = {isa = PBXBuildFile; fileRef = B96571512D0562D900959A86 /* AATabView.swift */; };
		B96571552D0579A600959A86 /* PlaceholderScreen.swift in Sources */ = {isa = PBXBuildFile; fileRef = B96571542D0579A600959A86 /* PlaceholderScreen.swift */; };
		B96571572D0596AB00959A86 /* AppDetails.swift in Sources */ = {isa = PBXBuildFile; fileRef = B96571562D0596AB00959A86 /* AppDetails.swift */; };
/* End PBXBuildFile section */

/* Begin PBXFileReference section */
		B93B38AF2D03C5B5006EAD0B /* AnswersAi.app */ = {isa = PBXFileReference; explicitFileType = wrapper.application; includeInIndex = 0; path = AnswersAi.app; sourceTree = BUILT_PRODUCTS_DIR; };
		B93B38C22D03C5C7006EAD0B /* AnswersAiApp.swift */ = {isa = PBXFileReference; lastKnownFileType = sourcecode.swift; path = AnswersAiApp.swift; sourceTree = "<group>"; };
		B93B38C32D03C5C7006EAD0B /* Assets.xcassets */ = {isa = PBXFileReference; lastKnownFileType = folder.assetcatalog; path = Assets.xcassets; sourceTree = "<group>"; };
		B93B38C42D03C5C7006EAD0B /* TodayScreen.swift */ = {isa = PBXFileReference; lastKnownFileType = sourcecode.swift; path = TodayScreen.swift; sourceTree = "<group>"; };
		B96571492D050A6500959A86 /* TodayCard.swift */ = {isa = PBXFileReference; lastKnownFileType = sourcecode.swift; path = TodayCard.swift; sourceTree = "<group>"; };
		B965714B2D05166200959A86 /* BottomBlur.swift */ = {isa = PBXFileReference; lastKnownFileType = sourcecode.swift; path = BottomBlur.swift; sourceTree = "<group>"; };
		B96571512D0562D900959A86 /* AATabView.swift */ = {isa = PBXFileReference; lastKnownFileType = sourcecode.swift; path = AATabView.swift; sourceTree = "<group>"; };
		B96571542D0579A600959A86 /* PlaceholderScreen.swift */ = {isa = PBXFileReference; lastKnownFileType = sourcecode.swift; path = PlaceholderScreen.swift; sourceTree = "<group>"; };
		B96571562D0596AB00959A86 /* AppDetails.swift */ = {isa = PBXFileReference; lastKnownFileType = sourcecode.swift; path = AppDetails.swift; sourceTree = "<group>"; };
/* End PBXFileReference section */

/* Begin PBXFrameworksBuildPhase section */
		B93B38AC2D03C5B5006EAD0B /* Frameworks */ = {
			isa = PBXFrameworksBuildPhase;
			buildActionMask = 2147483647;
			files = (
			);
			runOnlyForDeploymentPostprocessing = 0;
		};
/* End PBXFrameworksBuildPhase section */

/* Begin PBXGroup section */
		B93B38A62D03C5B5006EAD0B = {
			isa = PBXGroup;
			children = (
				B93B38C52D03C5C7006EAD0B /* AnswersAi */,
				B93B38B02D03C5B5006EAD0B /* Products */,
			);
			sourceTree = "<group>";
		};
		B93B38B02D03C5B5006EAD0B /* Products */ = {
			isa = PBXGroup;
			children = (
				B93B38AF2D03C5B5006EAD0B /* AnswersAi.app */,
			);
			name = Products;
			sourceTree = "<group>";
		};
		B93B38C52D03C5C7006EAD0B /* AnswersAi */ = {
			isa = PBXGroup;
			children = (
				B93B38C22D03C5C7006EAD0B /* AnswersAiApp.swift */,
				B96571512D0562D900959A86 /* AATabView.swift */,
				B96571532D05799500959A86 /* Screens */,
				B96571462D0509A800959A86 /* Views */,
				B93B38C32D03C5C7006EAD0B /* Assets.xcassets */,
			);
			path = AnswersAi;
			sourceTree = "<group>";
		};
		B96571462D0509A800959A86 /* Views */ = {
			isa = PBXGroup;
			children = (
				B96571492D050A6500959A86 /* TodayCard.swift */,
				B965714B2D05166200959A86 /* BottomBlur.swift */,
			);
			path = Views;
			sourceTree = "<group>";
		};
		B96571532D05799500959A86 /* Screens */ = {
			isa = PBXGroup;
			children = (
				B93B38C42D03C5C7006EAD0B /* TodayScreen.swift */,
				B96571562D0596AB00959A86 /* AppDetails.swift */,
				B96571542D0579A600959A86 /* PlaceholderScreen.swift */,
			);
			path = Screens;
			sourceTree = "<group>";
		};
/* End PBXGroup section */

/* Begin PBXNativeTarget section */
		B93B38AE2D03C5B5006EAD0B /* AnswersAi */ = {
			isa = PBXNativeTarget;
			buildConfigurationList = B93B38BD2D03C5B7006EAD0B /* Build configuration list for PBXNativeTarget "AnswersAi" */;
			buildPhases = (
				B93B38AB2D03C5B5006EAD0B /* Sources */,
				B93B38AC2D03C5B5006EAD0B /* Frameworks */,
				B93B38AD2D03C5B5006EAD0B /* Resources */,
			);
			buildRules = (
			);
			dependencies = (
			);
			name = AnswersAi;
			packageProductDependencies = (
			);
			productName = AnswersAi;
			productReference = B93B38AF2D03C5B5006EAD0B /* AnswersAi.app */;
			productType = "com.apple.product-type.application";
		};
/* End PBXNativeTarget section */

/* Begin PBXProject section */
		B93B38A72D03C5B5006EAD0B /* Project object */ = {
			isa = PBXProject;
			attributes = {
				BuildIndependentTargetsInParallel = 1;
				LastSwiftUpdateCheck = 1610;
				LastUpgradeCheck = 1610;
				TargetAttributes = {
					B93B38AE2D03C5B5006EAD0B = {
						CreatedOnToolsVersion = 16.1;
					};
				};
			};
			buildConfigurationList = B93B38AA2D03C5B5006EAD0B /* Build configuration list for PBXProject "AnswersAi" */;
			developmentRegion = en;
			hasScannedForEncodings = 0;
			knownRegions = (
				en,
				Base,
			);
			mainGroup = B93B38A62D03C5B5006EAD0B;
			minimizedProjectReferenceProxies = 1;
			preferredProjectObjectVersion = 77;
			productRefGroup = B93B38B02D03C5B5006EAD0B /* Products */;
			projectDirPath = "";
			projectRoot = "";
			targets = (
				B93B38AE2D03C5B5006EAD0B /* AnswersAi */,
			);
		};
/* End PBXProject section */

/* Begin PBXResourcesBuildPhase section */
		B93B38AD2D03C5B5006EAD0B /* Resources */ = {
			isa = PBXResourcesBuildPhase;
			buildActionMask = 2147483647;
			files = (
				B93B38C72D03C5C7006EAD0B /* Assets.xcassets in Resources */,
			);
			runOnlyForDeploymentPostprocessing = 0;
		};
/* End PBXResourcesBuildPhase section */

/* Begin PBXSourcesBuildPhase section */
		B93B38AB2D03C5B5006EAD0B /* Sources */ = {
			isa = PBXSourcesBuildPhase;
			buildActionMask = 2147483647;
			files = (
				B96571522D0562D900959A86 /* AATabView.swift in Sources */,
				B96571552D0579A600959A86 /* PlaceholderScreen.swift in Sources */,
				B93B38C82D03C5C7006EAD0B /* AnswersAiApp.swift in Sources */,
				B965714C2D05166200959A86 /* BottomBlur.swift in Sources */,
				B965714A2D050A6500959A86 /* TodayCard.swift in Sources */,
				B93B38C92D03C5C7006EAD0B /* TodayScreen.swift in Sources */,
				B96571572D0596AB00959A86 /* AppDetails.swift in Sources */,
			);
			runOnlyForDeploymentPostprocessing = 0;
		};
/* End PBXSourcesBuildPhase section */

/* Begin XCBuildConfiguration section */
		B93B38BB2D03C5B7006EAD0B /* Debug */ = {
			isa = XCBuildConfiguration;
			buildSettings = {
				ALWAYS_SEARCH_USER_PATHS = NO;
				ASSETCATALOG_COMPILER_GENERATE_SWIFT_ASSET_SYMBOL_EXTENSIONS = YES;
				CLANG_ANALYZER_NONNULL = YES;
				CLANG_ANALYZER_NUMBER_OBJECT_CONVERSION = YES_AGGRESSIVE;
				CLANG_CXX_LANGUAGE_STANDARD = "gnu++20";
				CLANG_ENABLE_MODULES = YES;
				CLANG_ENABLE_OBJC_ARC = YES;
				CLANG_ENABLE_OBJC_WEAK = YES;
				CLANG_WARN_BLOCK_CAPTURE_AUTORELEASING = YES;
				CLANG_WARN_BOOL_CONVERSION = YES;
				CLANG_WARN_COMMA = YES;
				CLANG_WARN_CONSTANT_CONVERSION = YES;
				CLANG_WARN_DEPRECATED_OBJC_IMPLEMENTATIONS = YES;
				CLANG_WARN_DIRECT_OBJC_ISA_USAGE = YES_ERROR;
				CLANG_WARN_DOCUMENTATION_COMMENTS = YES;
				CLANG_WARN_EMPTY_BODY = YES;
				CLANG_WARN_ENUM_CONVERSION = YES;
				CLANG_WARN_INFINITE_RECURSION = YES;
				CLANG_WARN_INT_CONVERSION = YES;
				CLANG_WARN_NON_LITERAL_NULL_CONVERSION = YES;
				CLANG_WARN_OBJC_IMPLICIT_RETAIN_SELF = YES;
				CLANG_WARN_OBJC_LITERAL_CONVERSION = YES;
				CLANG_WARN_OBJC_ROOT_CLASS = YES_ERROR;
				CLANG_WARN_QUOTED_INCLUDE_IN_FRAMEWORK_HEADER = YES;
				CLANG_WARN_RANGE_LOOP_ANALYSIS = YES;
				CLANG_WARN_STRICT_PROTOTYPES = YES;
				CLANG_WARN_SUSPICIOUS_MOVE = YES;
				CLANG_WARN_UNGUARDED_AVAILABILITY = YES_AGGRESSIVE;
				CLANG_WARN_UNREACHABLE_CODE = YES;
				CLANG_WARN__DUPLICATE_METHOD_MATCH = YES;
				COPY_PHASE_STRIP = NO;
				DEBUG_INFORMATION_FORMAT = dwarf;
				ENABLE_STRICT_OBJC_MSGSEND = YES;
				ENABLE_TESTABILITY = YES;
				ENABLE_USER_SCRIPT_SANDBOXING = YES;
				GCC_C_LANGUAGE_STANDARD = gnu17;
				GCC_DYNAMIC_NO_PIC = NO;
				GCC_NO_COMMON_BLOCKS = YES;
				GCC_OPTIMIZATION_LEVEL = 0;
				GCC_PREPROCESSOR_DEFINITIONS = (
					"DEBUG=1",
					"$(inherited)",
				);
				GCC_WARN_64_TO_32_BIT_CONVERSION = YES;
				GCC_WARN_ABOUT_RETURN_TYPE = YES_ERROR;
				GCC_WARN_UNDECLARED_SELECTOR = YES;
				GCC_WARN_UNINITIALIZED_AUTOS = YES_AGGRESSIVE;
				GCC_WARN_UNUSED_FUNCTION = YES;
				GCC_WARN_UNUSED_VARIABLE = YES;
				IPHONEOS_DEPLOYMENT_TARGET = 18.1;
				LOCALIZATION_PREFERS_STRING_CATALOGS = YES;
				MTL_ENABLE_DEBUG_INFO = INCLUDE_SOURCE;
				MTL_FAST_MATH = YES;
				ONLY_ACTIVE_ARCH = YES;
				SDKROOT = iphoneos;
				SWIFT_ACTIVE_COMPILATION_CONDITIONS = "DEBUG $(inherited)";
				SWIFT_OPTIMIZATION_LEVEL = "-Onone";
			};
			name = Debug;
		};
		B93B38BC2D03C5B7006EAD0B /* Release */ = {
			isa = XCBuildConfiguration;
			buildSettings = {
				ALWAYS_SEARCH_USER_PATHS = NO;
				ASSETCATALOG_COMPILER_GENERATE_SWIFT_ASSET_SYMBOL_EXTENSIONS = YES;
				CLANG_ANALYZER_NONNULL = YES;
				CLANG_ANALYZER_NUMBER_OBJECT_CONVERSION = YES_AGGRESSIVE;
				CLANG_CXX_LANGUAGE_STANDARD = "gnu++20";
				CLANG_ENABLE_MODULES = YES;
				CLANG_ENABLE_OBJC_ARC = YES;
				CLANG_ENABLE_OBJC_WEAK = YES;
				CLANG_WARN_BLOCK_CAPTURE_AUTORELEASING = YES;
				CLANG_WARN_BOOL_CONVERSION = YES;
				CLANG_WARN_COMMA = YES;
				CLANG_WARN_CONSTANT_CONVERSION = YES;
				CLANG_WARN_DEPRECATED_OBJC_IMPLEMENTATIONS = YES;
				CLANG_WARN_DIRECT_OBJC_ISA_USAGE = YES_ERROR;
				CLANG_WARN_DOCUMENTATION_COMMENTS = YES;
				CLANG_WARN_EMPTY_BODY = YES;
				CLANG_WARN_ENUM_CONVERSION = YES;
				CLANG_WARN_INFINITE_RECURSION = YES;
				CLANG_WARN_INT_CONVERSION = YES;
				CLANG_WARN_NON_LITERAL_NULL_CONVERSION = YES;
				CLANG_WARN_OBJC_IMPLICIT_RETAIN_SELF = YES;
				CLANG_WARN_OBJC_LITERAL_CONVERSION = YES;
				CLANG_WARN_OBJC_ROOT_CLASS = YES_ERROR;
				CLANG_WARN_QUOTED_INCLUDE_IN_FRAMEWORK_HEADER = YES;
				CLANG_WARN_RANGE_LOOP_ANALYSIS = YES;
				CLANG_WARN_STRICT_PROTOTYPES = YES;
				CLANG_WARN_SUSPICIOUS_MOVE = YES;
				CLANG_WARN_UNGUARDED_AVAILABILITY = YES_AGGRESSIVE;
				CLANG_WARN_UNREACHABLE_CODE = YES;
				CLANG_WARN__DUPLICATE_METHOD_MATCH = YES;
				COPY_PHASE_STRIP = NO;
				DEBUG_INFORMATION_FORMAT = "dwarf-with-dsym";
				ENABLE_NS_ASSERTIONS = NO;
				ENABLE_STRICT_OBJC_MSGSEND = YES;
				ENABLE_USER_SCRIPT_SANDBOXING = YES;
				GCC_C_LANGUAGE_STANDARD = gnu17;
				GCC_NO_COMMON_BLOCKS = YES;
				GCC_WARN_64_TO_32_BIT_CONVERSION = YES;
				GCC_WARN_ABOUT_RETURN_TYPE = YES_ERROR;
				GCC_WARN_UNDECLARED_SELECTOR = YES;
				GCC_WARN_UNINITIALIZED_AUTOS = YES_AGGRESSIVE;
				GCC_WARN_UNUSED_FUNCTION = YES;
				GCC_WARN_UNUSED_VARIABLE = YES;
				IPHONEOS_DEPLOYMENT_TARGET = 18.1;
				LOCALIZATION_PREFERS_STRING_CATALOGS = YES;
				MTL_ENABLE_DEBUG_INFO = NO;
				MTL_FAST_MATH = YES;
				SDKROOT = iphoneos;
				SWIFT_COMPILATION_MODE = wholemodule;
				VALIDATE_PRODUCT = YES;
			};
			name = Release;
		};
		B93B38BE2D03C5B7006EAD0B /* Debug */ = {
			isa = XCBuildConfiguration;
			buildSettings = {
				ASSETCATALOG_COMPILER_APPICON_NAME = AppIcon;
				ASSETCATALOG_COMPILER_GLOBAL_ACCENT_COLOR_NAME = AccentColor;
				CODE_SIGN_STYLE = Automatic;
				CURRENT_PROJECT_VERSION = 1;
				DEVELOPMENT_TEAM = 6ADU7T5Q7V;
				ENABLE_PREVIEWS = YES;
				GENERATE_INFOPLIST_FILE = YES;
				INFOPLIST_KEY_CFBundleDisplayName = Runna;
				INFOPLIST_KEY_UIApplicationSceneManifest_Generation = YES;
				INFOPLIST_KEY_UIApplicationSupportsIndirectInputEvents = YES;
				INFOPLIST_KEY_UILaunchScreen_Generation = YES;
				INFOPLIST_KEY_UISupportedInterfaceOrientations = UIInterfaceOrientationPortrait;
				INFOPLIST_KEY_UISupportedInterfaceOrientations_iPad = "UIInterfaceOrientationLandscapeLeft UIInterfaceOrientationLandscapeRight UIInterfaceOrientationPortrait UIInterfaceOrientationPortraitUpsideDown";
				IPHONEOS_DEPLOYMENT_TARGET = 18;
				LD_RUNPATH_SEARCH_PATHS = (
					"$(inherited)",
					"@executable_path/Frameworks",
				);
				MARKETING_VERSION = 1.0;
				PRODUCT_BUNDLE_IDENTIFIER = com.daniel.AnswersAi;
				PRODUCT_NAME = "$(TARGET_NAME)";
				SUPPORTED_PLATFORMS = "iphoneos iphonesimulator";
				SUPPORTS_MACCATALYST = NO;
				SUPPORTS_MAC_DESIGNED_FOR_IPHONE_IPAD = NO;
				SUPPORTS_XR_DESIGNED_FOR_IPHONE_IPAD = NO;
				SWIFT_EMIT_LOC_STRINGS = YES;
				SWIFT_VERSION = 5.0;
				TARGETED_DEVICE_FAMILY = 1;
			};
			name = Debug;
		};
		B93B38BF2D03C5B7006EAD0B /* Release */ = {
			isa = XCBuildConfiguration;
			buildSettings = {
				ASSETCATALOG_COMPILER_APPICON_NAME = AppIcon;
				ASSETCATALOG_COMPILER_GLOBAL_ACCENT_COLOR_NAME = AccentColor;
				CODE_SIGN_STYLE = Automatic;
				CURRENT_PROJECT_VERSION = 1;
				DEVELOPMENT_TEAM = 6ADU7T5Q7V;
				ENABLE_PREVIEWS = YES;
				GENERATE_INFOPLIST_FILE = YES;
				INFOPLIST_KEY_CFBundleDisplayName = Runna;
				INFOPLIST_KEY_UIApplicationSceneManifest_Generation = YES;
				INFOPLIST_KEY_UIApplicationSupportsIndirectInputEvents = YES;
				INFOPLIST_KEY_UILaunchScreen_Generation = YES;
				INFOPLIST_KEY_UISupportedInterfaceOrientations = UIInterfaceOrientationPortrait;
				INFOPLIST_KEY_UISupportedInterfaceOrientations_iPad = "UIInterfaceOrientationLandscapeLeft UIInterfaceOrientationLandscapeRight UIInterfaceOrientationPortrait UIInterfaceOrientationPortraitUpsideDown";
				IPHONEOS_DEPLOYMENT_TARGET = 18;
				LD_RUNPATH_SEARCH_PATHS = (
					"$(inherited)",
					"@executable_path/Frameworks",
				);
				MARKETING_VERSION = 1.0;
				PRODUCT_BUNDLE_IDENTIFIER = com.daniel.AnswersAi;
				PRODUCT_NAME = "$(TARGET_NAME)";
				SUPPORTED_PLATFORMS = "iphoneos iphonesimulator";
				SUPPORTS_MACCATALYST = NO;
				SUPPORTS_MAC_DESIGNED_FOR_IPHONE_IPAD = NO;
				SUPPORTS_XR_DESIGNED_FOR_IPHONE_IPAD = NO;
				SWIFT_EMIT_LOC_STRINGS = YES;
				SWIFT_VERSION = 5.0;
				TARGETED_DEVICE_FAMILY = 1;
			};
			name = Release;
		};
/* End XCBuildConfiguration section */

/* Begin XCConfigurationList section */
		B93B38AA2D03C5B5006EAD0B /* Build configuration list for PBXProject "AnswersAi" */ = {
			isa = XCConfigurationList;
			buildConfigurations = (
				B93B38BB2D03C5B7006EAD0B /* Debug */,
				B93B38BC2D03C5B7006EAD0B /* Release */,
			);
			defaultConfigurationIsVisible = 0;
			defaultConfigurationName = Release;
		};
		B93B38BD2D03C5B7006EAD0B /* Build configuration list for PBXNativeTarget "AnswersAi" */ = {
			isa = XCConfigurationList;
			buildConfigurations = (
				B93B38BE2D03C5B7006EAD0B /* Debug */,
				B93B38BF2D03C5B7006EAD0B /* Release */,
			);
			defaultConfigurationIsVisible = 0;
			defaultConfigurationName = Release;
		};
/* End XCConfigurationList section */
	};
	rootObject = B93B38A72D03C5B5006EAD0B /* Project object */;
}
